
Microsoft Visual Studio Solution File, Format Version 12.00
# Visual Studio 15
VisualStudioVersion = 15.0.28307.1500
MinimumVisualStudioVersion = 10.0.40219.1
Project("{FAE04EC0-301F-11D3-BF4B-00C04F79EFBC}") = "ProgramaCalculo", "ProgramaCalculo\ProgramaCalculo.csproj", "{994D3F88-8649-475E-AD3C-FE9D554E7245}"
EndProject
Global
	GlobalSection(SolutionConfigurationPlatforms) = preSolution
		Debug|Any CPU = Debug|Any CPU
		Release|Any CPU = Release|Any CPU
	EndGlobalSection
	GlobalSection(ProjectConfigurationPlatforms) = postSolution
		{994D3F88-8649-475E-AD3C-FE9D554E7245}.Debug|Any CPU.ActiveCfg = Debug|Any CPU
		{994D3F88-8649-475E-AD3C-FE9D554E7245}.Debug|Any CPU.Build.0 = Debug|Any CPU
		{994D3F88-8649-475E-AD3C-FE9D554E7245}.Release|Any CPU.ActiveCfg = Release|Any CPU
		{994D3F88-8649-475E-AD3C-FE9D554E7245}.Release|Any CPU.Build.0 = Release|Any CPU
	EndGlobalSection
	GlobalSection(SolutionProperties) = preSolution
		HideSolutionNode = FALSE
	EndGlobalSection
	GlobalSection(ExtensibilityGlobals) = postSolution
		SolutionGuid = {A5AABF0D-0A35-43D0-AAC5-105207A212FF}
	EndGlobalSection
EndGlobal
